
Microsoft Visual Studio Solution File, Format Version 12.00
# Visual Studio Version 17
VisualStudioVersion = 17.8.34330.188
MinimumVisualStudioVersion = 10.0.40219.1
Project("{9A19103F-16F7-4668-BE54-9A1E7A4F7556}") = "Library_Labb2", "Library_Labb2\Library_Labb2.csproj", "{0867FE9F-7C42-490D-8C30-37B91B7E9C38}"
EndProject
Project("{FAE04EC0-301F-11D3-BF4B-00C04F79EFBC}") = "LibraryLabb2.Tests", "LibraryLabb2.Tests\LibraryLabb2.Tests.csproj", "{598D5795-772B-4442-A5B0-27C4604DEFCA}"
EndProject
Global
	GlobalSection(SolutionConfigurationPlatforms) = preSolution
		Debug|Any CPU = Debug|Any CPU
		Release|Any CPU = Release|Any CPU
	EndGlobalSection
	GlobalSection(ProjectConfigurationPlatforms) = postSolution
		{0867FE9F-7C42-490D-8C30-37B91B7E9C38}.Debug|Any CPU.ActiveCfg = Debug|Any CPU
		{0867FE9F-7C42-490D-8C30-37B91B7E9C38}.Debug|Any CPU.Build.0 = Debug|Any CPU
		{0867FE9F-7C42-490D-8C30-37B91B7E9C38}.Release|Any CPU.ActiveCfg = Release|Any CPU
		{0867FE9F-7C42-490D-8C30-37B91B7E9C38}.Release|Any CPU.Build.0 = Release|Any CPU
		{598D5795-772B-4442-A5B0-27C4604DEFCA}.Debug|Any CPU.ActiveCfg = Debug|Any CPU
		{598D5795-772B-4442-A5B0-27C4604DEFCA}.Debug|Any CPU.Build.0 = Debug|Any CPU
		{598D5795-772B-4442-A5B0-27C4604DEFCA}.Release|Any CPU.ActiveCfg = Release|Any CPU
		{598D5795-772B-4442-A5B0-27C4604DEFCA}.Release|Any CPU.Build.0 = Release|Any CPU
	EndGlobalSection
	GlobalSection(SolutionProperties) = preSolution
		HideSolutionNode = FALSE
	EndGlobalSection
	GlobalSection(ExtensibilityGlobals) = postSolution
		SolutionGuid = {2F087DDD-1DD9-43EC-B31D-B2A2351F8A20}
	EndGlobalSection
EndGlobal
